# This file is automatically @generated by Cargo.
# It is not intended for manual editing.
version = 4

[[package]]
name = "ask_input"
version = "0.3.0"
source = "registry+https://github.com/rust-lang/crates.io-index"
checksum = "285f1d7bfaa911ba46e338cb15798a9330200fd3e086b09768de2e5726464954"

[[package]]
name = "paw_calculator"
version = "0.1.0"
dependencies = [
 "ask_input",
]
