# This file is automatically @generated by Cargo.
# It is not intended for manual editing.
version = 4

[[package]]
name = "ask_input"
version = "0.2.0"
source = "registry+https://github.com/rust-lang/crates.io-index"
checksum = "c50a18ca1fff09bf0d939ee2c587c30471a999bdd6937edddf5bf1778cad3b65"

[[package]]
name = "paw_calculator"
version = "0.1.0"
dependencies = [
 "ask_input",
]
